
Microsoft Visual Studio Solution File, Format Version 12.00
# Visual Studio Version 17
VisualStudioVersion = 17.9.34728.123
MinimumVisualStudioVersion = 10.0.40219.1
Project("{FAE04EC0-301F-11D3-BF4B-00C04F79EFBC}") = "SDBOBSWebAPI", "SDBOBSWebAPI.csproj", "{A07BBB12-7B66-4324-821C-9820F50986E1}"
EndProject
Global
	GlobalSection(SolutionConfigurationPlatforms) = preSolution
		Debug|Any CPU = Debug|Any CPU
		Release|Any CPU = Release|Any CPU
	EndGlobalSection
	GlobalSection(ProjectConfigurationPlatforms) = postSolution
		{A07BBB12-7B66-4324-821C-9820F50986E1}.Debug|Any CPU.ActiveCfg = Debug|Any CPU
		{A07BBB12-7B66-4324-821C-9820F50986E1}.Debug|Any CPU.Build.0 = Debug|Any CPU
		{A07BBB12-7B66-4324-821C-9820F50986E1}.Release|Any CPU.ActiveCfg = Release|Any CPU
		{A07BBB12-7B66-4324-821C-9820F50986E1}.Release|Any CPU.Build.0 = Release|Any CPU
	EndGlobalSection
	GlobalSection(SolutionProperties) = preSolution
		HideSolutionNode = FALSE
	EndGlobalSection
	GlobalSection(ExtensibilityGlobals) = postSolution
		SolutionGuid = {B37BFB2C-9924-4790-9E45-A858AB486F91}
	EndGlobalSection
EndGlobal
